
Microsoft Visual Studio Solution File, Format Version 12.00
# Visual Studio 15
VisualStudioVersion = 15.0.28010.2046
MinimumVisualStudioVersion = 10.0.40219.1
Project("{FAE04EC0-301F-11D3-BF4B-00C04F79EFBC}") = "CryptsApp.Android", "CryptsApp\CryptsApp.Android\CryptsApp.Android.csproj", "{DB4406FB-ADB5-4E0E-AAC2-33178CF880EA}"
EndProject
Project("{FAE04EC0-301F-11D3-BF4B-00C04F79EFBC}") = "CryptsApp.iOS", "CryptsApp\CryptsApp.iOS\CryptsApp.iOS.csproj", "{FCA48F39-F3E5-4B8B-860B-C570CAFFD621}"
EndProject
Project("{FAE04EC0-301F-11D3-BF4B-00C04F79EFBC}") = "CryptsApp", "CryptsApp\CryptsApp\CryptsApp.csproj", "{BB589D84-3A54-41CB-AC98-63832E61FB2E}"
EndProject
Global
	GlobalSection(SolutionConfigurationPlatforms) = preSolution
		Ad-Hoc|Any CPU = Ad-Hoc|Any CPU
		Ad-Hoc|iPhone = Ad-Hoc|iPhone
		Ad-Hoc|iPhoneSimulator = Ad-Hoc|iPhoneSimulator
		AppStore|Any CPU = AppStore|Any CPU
		AppStore|iPhone = AppStore|iPhone
		AppStore|iPhoneSimulator = AppStore|iPhoneSimulator
		Debug|Any CPU = Debug|Any CPU
		Debug|iPhone = Debug|iPhone
		Debug|iPhoneSimulator = Debug|iPhoneSimulator
		Release|Any CPU = Release|Any CPU
		Release|iPhone = Release|iPhone
		Release|iPhoneSimulator = Release|iPhoneSimulator
	EndGlobalSection
	GlobalSection(ProjectConfigurationPlatforms) = postSolution
		{DB4406FB-ADB5-4E0E-AAC2-33178CF880EA}.Ad-Hoc|Any CPU.ActiveCfg = Release|Any CPU
		{DB4406FB-ADB5-4E0E-AAC2-33178CF880EA}.Ad-Hoc|Any CPU.Build.0 = Release|Any CPU
		{DB4406FB-ADB5-4E0E-AAC2-33178CF880EA}.Ad-Hoc|Any CPU.Deploy.0 = Release|Any CPU
		{DB4406FB-ADB5-4E0E-AAC2-33178CF880EA}.Ad-Hoc|iPhone.ActiveCfg = Release|Any CPU
		{DB4406FB-ADB5-4E0E-AAC2-33178CF880EA}.Ad-Hoc|iPhone.Build.0 = Release|Any CPU
		{DB4406FB-ADB5-4E0E-AAC2-33178CF880EA}.Ad-Hoc|iPhone.Deploy.0 = Release|Any CPU
		{DB4406FB-ADB5-4E0E-AAC2-33178CF880EA}.Ad-Hoc|iPhoneSimulator.ActiveCfg = Release|Any CPU
		{DB4406FB-ADB5-4E0E-AAC2-33178CF880EA}.Ad-Hoc|iPhoneSimulator.Build.0 = Release|Any CPU
		{DB4406FB-ADB5-4E0E-AAC2-33178CF880EA}.Ad-Hoc|iPhoneSimulator.Deploy.0 = Release|Any CPU
		{DB4406FB-ADB5-4E0E-AAC2-33178CF880EA}.AppStore|Any CPU.ActiveCfg = Release|Any CPU
		{DB4406FB-ADB5-4E0E-AAC2-33178CF880EA}.AppStore|Any CPU.Build.0 = Release|Any CPU
		{DB4406FB-ADB5-4E0E-AAC2-33178CF880EA}.AppStore|Any CPU.Deploy.0 = Release|Any CPU
		{DB4406FB-ADB5-4E0E-AAC2-33178CF880EA}.AppStore|iPhone.ActiveCfg = Release|Any CPU
		{DB4406FB-ADB5-4E0E-AAC2-33178CF880EA}.AppStore|iPhone.Build.0 = Release|Any CPU
		{DB4406FB-ADB5-4E0E-AAC2-33178CF880EA}.AppStore|iPhone.Deploy.0 = Release|Any CPU
		{DB4406FB-ADB5-4E0E-AAC2-33178CF880EA}.AppStore|iPhoneSimulator.ActiveCfg = Release|Any CPU
		{DB4406FB-ADB5-4E0E-AAC2-33178CF880EA}.AppStore|iPhoneSimulator.Build.0 = Release|Any CPU
		{DB4406FB-ADB5-4E0E-AAC2-33178CF880EA}.AppStore|iPhoneSimulator.Deploy.0 = Release|Any CPU
		{DB4406FB-ADB5-4E0E-AAC2-33178CF880EA}.Debug|Any CPU.ActiveCfg = Debug|Any CPU
		{DB4406FB-ADB5-4E0E-AAC2-33178CF880EA}.Debug|Any CPU.Build.0 = Debug|Any CPU
		{DB4406FB-ADB5-4E0E-AAC2-33178CF880EA}.Debug|Any CPU.Deploy.0 = Debug|Any CPU
		{DB4406FB-ADB5-4E0E-AAC2-33178CF880EA}.Debug|iPhone.ActiveCfg = Debug|Any CPU
		{DB4406FB-ADB5-4E0E-AAC2-33178CF880EA}.Debug|iPhone.Build.0 = Debug|Any CPU
		{DB4406FB-ADB5-4E0E-AAC2-33178CF880EA}.Debug|iPhone.Deploy.0 = Debug|Any CPU
		{DB4406FB-ADB5-4E0E-AAC2-33178CF880EA}.Debug|iPhoneSimulator.ActiveCfg = Debug|Any CPU
		{DB4406FB-ADB5-4E0E-AAC2-33178CF880EA}.Debug|iPhoneSimulator.Build.0 = Debug|Any CPU
		{DB4406FB-ADB5-4E0E-AAC2-33178CF880EA}.Debug|iPhoneSimulator.Deploy.0 = Debug|Any CPU
		{DB4406FB-ADB5-4E0E-AAC2-33178CF880EA}.Release|Any CPU.ActiveCfg = Release|Any CPU
		{DB4406FB-ADB5-4E0E-AAC2-33178CF880EA}.Release|Any CPU.Build.0 = Release|Any CPU
		{DB4406FB-ADB5-4E0E-AAC2-33178CF880EA}.Release|Any CPU.Deploy.0 = Release|Any CPU
		{DB4406FB-ADB5-4E0E-AAC2-33178CF880EA}.Release|iPhone.ActiveCfg = Release|Any CPU
		{DB4406FB-ADB5-4E0E-AAC2-33178CF880EA}.Release|iPhone.Build.0 = Release|Any CPU
		{DB4406FB-ADB5-4E0E-AAC2-33178CF880EA}.Release|iPhone.Deploy.0 = Release|Any CPU
		{DB4406FB-ADB5-4E0E-AAC2-33178CF880EA}.Release|iPhoneSimulator.ActiveCfg = Release|Any CPU
		{DB4406FB-ADB5-4E0E-AAC2-33178CF880EA}.Release|iPhoneSimulator.Build.0 = Release|Any CPU
		{DB4406FB-ADB5-4E0E-AAC2-33178CF880EA}.Release|iPhoneSimulator.Deploy.0 = Release|Any CPU
		{FCA48F39-F3E5-4B8B-860B-C570CAFFD621}.Ad-Hoc|Any CPU.ActiveCfg = Ad-Hoc|iPhone
		{FCA48F39-F3E5-4B8B-860B-C570CAFFD621}.Ad-Hoc|Any CPU.Build.0 = Ad-Hoc|iPhone
		{FCA48F39-F3E5-4B8B-860B-C570CAFFD621}.Ad-Hoc|Any CPU.Deploy.0 = Ad-Hoc|iPhone
		{FCA48F39-F3E5-4B8B-860B-C570CAFFD621}.Ad-Hoc|iPhone.ActiveCfg = Ad-Hoc|iPhone
		{FCA48F39-F3E5-4B8B-860B-C570CAFFD621}.Ad-Hoc|iPhone.Build.0 = Ad-Hoc|iPhone
		{FCA48F39-F3E5-4B8B-860B-C570CAFFD621}.Ad-Hoc|iPhone.Deploy.0 = Ad-Hoc|iPhone
		{FCA48F39-F3E5-4B8B-860B-C570CAFFD621}.Ad-Hoc|iPhoneSimulator.ActiveCfg = Ad-Hoc|iPhoneSimulator
		{FCA48F39-F3E5-4B8B-860B-C570CAFFD621}.Ad-Hoc|iPhoneSimulator.Build.0 = Ad-Hoc|iPhoneSimulator
		{FCA48F39-F3E5-4B8B-860B-C570CAFFD621}.Ad-Hoc|iPhoneSimulator.Deploy.0 = Ad-Hoc|iPhoneSimulator
		{FCA48F39-F3E5-4B8B-860B-C570CAFFD621}.AppStore|Any CPU.ActiveCfg = AppStore|iPhone
		{FCA48F39-F3E5-4B8B-860B-C570CAFFD621}.AppStore|Any CPU.Build.0 = AppStore|iPhone
		{FCA48F39-F3E5-4B8B-860B-C570CAFFD621}.AppStore|Any CPU.Deploy.0 = AppStore|iPhone
		{FCA48F39-F3E5-4B8B-860B-C570CAFFD621}.AppStore|iPhone.ActiveCfg = AppStore|iPhone
		{FCA48F39-F3E5-4B8B-860B-C570CAFFD621}.AppStore|iPhone.Build.0 = AppStore|iPhone
		{FCA48F39-F3E5-4B8B-860B-C570CAFFD621}.AppStore|iPhone.Deploy.0 = AppStore|iPhone
		{FCA48F39-F3E5-4B8B-860B-C570CAFFD621}.AppStore|iPhoneSimulator.ActiveCfg = AppStore|iPhoneSimulator
		{FCA48F39-F3E5-4B8B-860B-C570CAFFD621}.AppStore|iPhoneSimulator.Build.0 = AppStore|iPhoneSimulator
		{FCA48F39-F3E5-4B8B-860B-C570CAFFD621}.AppStore|iPhoneSimulator.Deploy.0 = AppStore|iPhoneSimulator
		{FCA48F39-F3E5-4B8B-860B-C570CAFFD621}.Debug|Any CPU.ActiveCfg = Debug|iPhoneSimulator
		{FCA48F39-F3E5-4B8B-860B-C570CAFFD621}.Debug|Any CPU.Build.0 = Debug|iPhoneSimulator
		{FCA48F39-F3E5-4B8B-860B-C570CAFFD621}.Debug|Any CPU.Deploy.0 = Debug|iPhoneSimulator
		{FCA48F39-F3E5-4B8B-860B-C570CAFFD621}.Debug|iPhone.ActiveCfg = Debug|iPhone
		{FCA48F39-F3E5-4B8B-860B-C570CAFFD621}.Debug|iPhone.Build.0 = Debug|iPhone
		{FCA48F39-F3E5-4B8B-860B-C570CAFFD621}.Debug|iPhone.Deploy.0 = Debug|iPhone
		{FCA48F39-F3E5-4B8B-860B-C570CAFFD621}.Debug|iPhoneSimulator.ActiveCfg = Debug|iPhoneSimulator
		{FCA48F39-F3E5-4B8B-860B-C570CAFFD621}.Debug|iPhoneSimulator.Build.0 = Debug|iPhoneSimulator
		{FCA48F39-F3E5-4B8B-860B-C570CAFFD621}.Debug|iPhoneSimulator.Deploy.0 = Debug|iPhoneSimulator
		{FCA48F39-F3E5-4B8B-860B-C570CAFFD621}.Release|Any CPU.ActiveCfg = Release|iPhone
		{FCA48F39-F3E5-4B8B-860B-C570CAFFD621}.Release|Any CPU.Build.0 = Release|iPhone
		{FCA48F39-F3E5-4B8B-860B-C570CAFFD621}.Release|Any CPU.Deploy.0 = Release|iPhone
		{FCA48F39-F3E5-4B8B-860B-C570CAFFD621}.Release|iPhone.ActiveCfg = Release|iPhone
		{FCA48F39-F3E5-4B8B-860B-C570CAFFD621}.Release|iPhone.Build.0 = Release|iPhone
		{FCA48F39-F3E5-4B8B-860B-C570CAFFD621}.Release|iPhone.Deploy.0 = Release|iPhone
		{FCA48F39-F3E5-4B8B-860B-C570CAFFD621}.Release|iPhoneSimulator.ActiveCfg = Release|iPhoneSimulator
		{FCA48F39-F3E5-4B8B-860B-C570CAFFD621}.Release|iPhoneSimulator.Build.0 = Release|iPhoneSimulator
		{FCA48F39-F3E5-4B8B-860B-C570CAFFD621}.Release|iPhoneSimulator.Deploy.0 = Release|iPhoneSimulator
		{BB589D84-3A54-41CB-AC98-63832E61FB2E}.Ad-Hoc|Any CPU.ActiveCfg = Debug|Any CPU
		{BB589D84-3A54-41CB-AC98-63832E61FB2E}.Ad-Hoc|Any CPU.Build.0 = Debug|Any CPU
		{BB589D84-3A54-41CB-AC98-63832E61FB2E}.Ad-Hoc|Any CPU.Deploy.0 = Debug|Any CPU
		{BB589D84-3A54-41CB-AC98-63832E61FB2E}.Ad-Hoc|iPhone.ActiveCfg = Debug|Any CPU
		{BB589D84-3A54-41CB-AC98-63832E61FB2E}.Ad-Hoc|iPhone.Build.0 = Debug|Any CPU
		{BB589D84-3A54-41CB-AC98-63832E61FB2E}.Ad-Hoc|iPhone.Deploy.0 = Debug|Any CPU
		{BB589D84-3A54-41CB-AC98-63832E61FB2E}.Ad-Hoc|iPhoneSimulator.ActiveCfg = Debug|Any CPU
		{BB589D84-3A54-41CB-AC98-63832E61FB2E}.Ad-Hoc|iPhoneSimulator.Build.0 = Debug|Any CPU
		{BB589D84-3A54-41CB-AC98-63832E61FB2E}.Ad-Hoc|iPhoneSimulator.Deploy.0 = Debug|Any CPU
		{BB589D84-3A54-41CB-AC98-63832E61FB2E}.AppStore|Any CPU.ActiveCfg = Debug|Any CPU
		{BB589D84-3A54-41CB-AC98-63832E61FB2E}.AppStore|Any CPU.Build.0 = Debug|Any CPU
		{BB589D84-3A54-41CB-AC98-63832E61FB2E}.AppStore|Any CPU.Deploy.0 = Debug|Any CPU
		{BB589D84-3A54-41CB-AC98-63832E61FB2E}.AppStore|iPhone.ActiveCfg = Debug|Any CPU
		{BB589D84-3A54-41CB-AC98-63832E61FB2E}.AppStore|iPhone.Build.0 = Debug|Any CPU
		{BB589D84-3A54-41CB-AC98-63832E61FB2E}.AppStore|iPhone.Deploy.0 = Debug|Any CPU
		{BB589D84-3A54-41CB-AC98-63832E61FB2E}.AppStore|iPhoneSimulator.ActiveCfg = Debug|Any CPU
		{BB589D84-3A54-41CB-AC98-63832E61FB2E}.AppStore|iPhoneSimulator.Build.0 = Debug|Any CPU
		{BB589D84-3A54-41CB-AC98-63832E61FB2E}.AppStore|iPhoneSimulator.Deploy.0 = Debug|Any CPU
		{BB589D84-3A54-41CB-AC98-63832E61FB2E}.Debug|Any CPU.ActiveCfg = Debug|Any CPU
		{BB589D84-3A54-41CB-AC98-63832E61FB2E}.Debug|Any CPU.Build.0 = Debug|Any CPU
		{BB589D84-3A54-41CB-AC98-63832E61FB2E}.Debug|Any CPU.Deploy.0 = Debug|Any CPU
		{BB589D84-3A54-41CB-AC98-63832E61FB2E}.Debug|iPhone.ActiveCfg = Debug|Any CPU
		{BB589D84-3A54-41CB-AC98-63832E61FB2E}.Debug|iPhone.Build.0 = Debug|Any CPU
		{BB589D84-3A54-41CB-AC98-63832E61FB2E}.Debug|iPhone.Deploy.0 = Debug|Any CPU
		{BB589D84-3A54-41CB-AC98-63832E61FB2E}.Debug|iPhoneSimulator.ActiveCfg = Debug|Any CPU
		{BB589D84-3A54-41CB-AC98-63832E61FB2E}.Debug|iPhoneSimulator.Build.0 = Debug|Any CPU
		{BB589D84-3A54-41CB-AC98-63832E61FB2E}.Debug|iPhoneSimulator.Deploy.0 = Debug|Any CPU
		{BB589D84-3A54-41CB-AC98-63832E61FB2E}.Release|Any CPU.ActiveCfg = Release|Any CPU
		{BB589D84-3A54-41CB-AC98-63832E61FB2E}.Release|Any CPU.Build.0 = Release|Any CPU
		{BB589D84-3A54-41CB-AC98-63832E61FB2E}.Release|Any CPU.Deploy.0 = Release|Any CPU
		{BB589D84-3A54-41CB-AC98-63832E61FB2E}.Release|iPhone.ActiveCfg = Release|Any CPU
		{BB589D84-3A54-41CB-AC98-63832E61FB2E}.Release|iPhone.Build.0 = Release|Any CPU
		{BB589D84-3A54-41CB-AC98-63832E61FB2E}.Release|iPhone.Deploy.0 = Release|Any CPU
		{BB589D84-3A54-41CB-AC98-63832E61FB2E}.Release|iPhoneSimulator.ActiveCfg = Release|Any CPU
		{BB589D84-3A54-41CB-AC98-63832E61FB2E}.Release|iPhoneSimulator.Build.0 = Release|Any CPU
		{BB589D84-3A54-41CB-AC98-63832E61FB2E}.Release|iPhoneSimulator.Deploy.0 = Release|Any CPU
	EndGlobalSection
	GlobalSection(SolutionProperties) = preSolution
		HideSolutionNode = FALSE
	EndGlobalSection
	GlobalSection(ExtensibilityGlobals) = postSolution
		SolutionGuid = {2EC1D2E5-3C1C-436C-AA86-92C8DBE9D145}
	EndGlobalSection
EndGlobal
